// !$*UTF8*$!
{
	archiveVersion = 1;
	classes = {
	};
	objectVersion = 56;
	objects = {

/* Begin PBXBuildFile section */
		C404A7F52D3B7038000450D4 /* TimeoutError.swift in Sources */ = {isa = PBXBuildFile; fileRef = C404A7F42D3B7038000450D4 /* TimeoutError.swift */; };
		C40693E82D34DB2900072767 /* VideoStateObserver.swift in Sources */ = {isa = PBXBuildFile; fileRef = C40693E72D34DB2900072767 /* VideoStateObserver.swift */; };
		C40693EA2D36F9F000072767 /* TabBarWindow.swift in Sources */ = {isa = PBXBuildFile; fileRef = C40693E92D36F9F000072767 /* TabBarWindow.swift */; };
		C4115ED52B994AF9007AD9B0 /* RealityKitContent in Frameworks */ = {isa = PBXBuildFile; productRef = C4115ED42B994AF9007AD9B0 /* RealityKitContent */; };
		C4115ED72B994AF9007AD9B0 /* Movie_Theater_ExperienceApp.swift in Sources */ = {isa = PBXBuildFile; fileRef = C4115ED62B994AF9007AD9B0 /* Movie_Theater_ExperienceApp.swift */; };
		C4115ED92B994AF9007AD9B0 /* ContentView.swift in Sources */ = {isa = PBXBuildFile; fileRef = C4115ED82B994AF9007AD9B0 /* ContentView.swift */; };
		C4115EDB2B994AF9007AD9B0 /* ImmersiveView.swift in Sources */ = {isa = PBXBuildFile; fileRef = C4115EDA2B994AF9007AD9B0 /* ImmersiveView.swift */; };
		C4115EDD2B994AF9007AD9B0 /* ImageBasedLighting.skybox in Resources */ = {isa = PBXBuildFile; fileRef = C4115EDC2B994AF9007AD9B0 /* ImageBasedLighting.skybox */; };
		C4115EDF2B994AFA007AD9B0 /* Assets.xcassets in Resources */ = {isa = PBXBuildFile; fileRef = C4115EDE2B994AFA007AD9B0 /* Assets.xcassets */; };
		C4115EE22B994AFA007AD9B0 /* Preview Assets.xcassets in Resources */ = {isa = PBXBuildFile; fileRef = C4115EE12B994AFA007AD9B0 /* Preview Assets.xcassets */; };
		C4115EED2B994AFA007AD9B0 /* Movie_Theater_ExperienceTests.swift in Sources */ = {isa = PBXBuildFile; fileRef = C4115EEC2B994AFA007AD9B0 /* Movie_Theater_ExperienceTests.swift */; };
		C41817C82CBE319F00A94ADF /* Emitters.swift in Sources */ = {isa = PBXBuildFile; fileRef = C41817C72CBE319F00A94ADF /* Emitters.swift */; };
		C43DBA2E2CF5B9EB00E79D3F /* SpatialAudioManager.swift in Sources */ = {isa = PBXBuildFile; fileRef = C43DBA2D2CF5B9EB00E79D3F /* SpatialAudioManager.swift */; };
		C44DF3ED2CFFF456002B8E9D /* VideoPlayerManager.swift in Sources */ = {isa = PBXBuildFile; fileRef = C44DF3EC2CFFF456002B8E9D /* VideoPlayerManager.swift */; };
		C473DCAF2D308BC7008AA51D /* FirebaseEventManager.swift in Sources */ = {isa = PBXBuildFile; fileRef = C473DCAE2D308BC7008AA51D /* FirebaseEventManager.swift */; };
		C473DCB12D319AE4008AA51D /* VideoSyncService.swift in Sources */ = {isa = PBXBuildFile; fileRef = C473DCB02D319AE4008AA51D /* VideoSyncService.swift */; };
		C473DCB32D31A502008AA51D /* TheatreVisibilityManager.swift in Sources */ = {isa = PBXBuildFile; fileRef = C473DCB22D31A502008AA51D /* TheatreVisibilityManager.swift */; };
		C47497702D2F7118004C6163 /* SeatButton.swift in Sources */ = {isa = PBXBuildFile; fileRef = C474976F2D2F7118004C6163 /* SeatButton.swift */; };
		C4869A9B2B9AF04A00BE09C8 /* FirebaseAnalyticsSwift in Frameworks */ = {isa = PBXBuildFile; productRef = C4869A9A2B9AF04A00BE09C8 /* FirebaseAnalyticsSwift */; };
		C4869A9D2B9AF04A00BE09C8 /* FirebaseAuth in Frameworks */ = {isa = PBXBuildFile; productRef = C4869A9C2B9AF04A00BE09C8 /* FirebaseAuth */; };
		C4869A9F2B9AF04A00BE09C8 /* FirebaseCrashlytics in Frameworks */ = {isa = PBXBuildFile; productRef = C4869A9E2B9AF04A00BE09C8 /* FirebaseCrashlytics */; };
		C4869AA12B9AF04A00BE09C8 /* FirebaseDatabaseSwift in Frameworks */ = {isa = PBXBuildFile; productRef = C4869AA02B9AF04A00BE09C8 /* FirebaseDatabaseSwift */; };
		C4869AA32B9AF04A00BE09C8 /* FirebaseFirestore in Frameworks */ = {isa = PBXBuildFile; productRef = C4869AA22B9AF04A00BE09C8 /* FirebaseFirestore */; };
		C4869AA52B9AF04A00BE09C8 /* FirebaseFirestoreSwift in Frameworks */ = {isa = PBXBuildFile; productRef = C4869AA42B9AF04A00BE09C8 /* FirebaseFirestoreSwift */; };
		C4869AA72B9AF04A00BE09C8 /* FirebaseFunctions in Frameworks */ = {isa = PBXBuildFile; productRef = C4869AA62B9AF04A00BE09C8 /* FirebaseFunctions */; };
		C4869AA92B9AF04B00BE09C8 /* FirebaseMessaging in Frameworks */ = {isa = PBXBuildFile; productRef = C4869AA82B9AF04B00BE09C8 /* FirebaseMessaging */; };
		C4869AAB2B9AF04B00BE09C8 /* FirebaseStorage in Frameworks */ = {isa = PBXBuildFile; productRef = C4869AAA2B9AF04B00BE09C8 /* FirebaseStorage */; };
		C487D0E52BA5762100579C71 /* SeatMapView.swift in Sources */ = {isa = PBXBuildFile; fileRef = C487D0E42BA5762100579C71 /* SeatMapView.swift */; };
		C487D0E72BA57BE000579C71 /* SeatSelectionModel.swift in Sources */ = {isa = PBXBuildFile; fileRef = C487D0E62BA57BE000579C71 /* SeatSelectionModel.swift */; };
		C49134412B9B072900A824DF /* ChatMessage.swift in Sources */ = {isa = PBXBuildFile; fileRef = C49134402B9B072900A824DF /* ChatMessage.swift */; };
		C49134432B9C1EA600A824DF /* ChatView.swift in Sources */ = {isa = PBXBuildFile; fileRef = C49134422B9C1EA600A824DF /* ChatView.swift */; };
		C49134452B9C1F6B00A824DF /* ChatViewModel.swift in Sources */ = {isa = PBXBuildFile; fileRef = C49134442B9C1F6B00A824DF /* ChatViewModel.swift */; };
		C49134472B9C303600A824DF /* ChatBubble.swift in Sources */ = {isa = PBXBuildFile; fileRef = C49134462B9C303600A824DF /* ChatBubble.swift */; };
		C491344B2B9C4B4800A824DF /* Extensions.swift in Sources */ = {isa = PBXBuildFile; fileRef = C491344A2B9C4B4800A824DF /* Extensions.swift */; };
		C4AF48492C9E65CE006FE6C8 /* TheatreEntityWrapper.swift in Sources */ = {isa = PBXBuildFile; fileRef = C4AF48482C9E65CE006FE6C8 /* TheatreEntityWrapper.swift */; };
		C4AF484D2C9E65F8006FE6C8 /* ViewingMode.swift in Sources */ = {isa = PBXBuildFile; fileRef = C4AF484C2C9E65F8006FE6C8 /* ViewingMode.swift */; };
		C4AF48A92C9E6D61006FE6C8 /* ToggleImmersiveSpaceButton.swift in Sources */ = {isa = PBXBuildFile; fileRef = C4AF48A82C9E6D61006FE6C8 /* ToggleImmersiveSpaceButton.swift */; };
		C4AF48AB2C9E7288006FE6C8 /* AppModel.swift in Sources */ = {isa = PBXBuildFile; fileRef = C4AF48AA2C9E7288006FE6C8 /* AppModel.swift */; };
		C4BFD5B92CA5F628007D20BE /* CalendarEvent.swift in Sources */ = {isa = PBXBuildFile; fileRef = C4BFD5B82CA5F628007D20BE /* CalendarEvent.swift */; };
		C4BFD5BC2CA5F645007D20BE /* CalendarView.swift in Sources */ = {isa = PBXBuildFile; fileRef = C4BFD5BB2CA5F645007D20BE /* CalendarView.swift */; };
		C4BFD5BE2CA5F664007D20BE /* EventView.swift in Sources */ = {isa = PBXBuildFile; fileRef = C4BFD5BD2CA5F664007D20BE /* EventView.swift */; };
		C4C439FA2CA348AE001AC733 /* MovieWindow.swift in Sources */ = {isa = PBXBuildFile; fileRef = C4C439F92CA348AE001AC733 /* MovieWindow.swift */; };
		C4C439FE2CA34CE9001AC733 /* NavBarView.swift in Sources */ = {isa = PBXBuildFile; fileRef = C4C439FD2CA34CE9001AC733 /* NavBarView.swift */; };
		C4C43A042CA364BB001AC733 /* VideoPicker.swift in Sources */ = {isa = PBXBuildFile; fileRef = C4C43A032CA364BB001AC733 /* VideoPicker.swift */; };
		C4DAB7ED2B9FE98800852029 /* ExpandingTextView.swift in Sources */ = {isa = PBXBuildFile; fileRef = C4DAB7EC2B9FE98800852029 /* ExpandingTextView.swift */; };
		C4DAB7EF2B9FF77500852029 /* CustomTextInput.swift in Sources */ = {isa = PBXBuildFile; fileRef = C4DAB7EE2B9FF77500852029 /* CustomTextInput.swift */; };
		C4DAB7F42BA1609B00852029 /* EmojiButtonView.swift in Sources */ = {isa = PBXBuildFile; fileRef = C4DAB7F32BA1609B00852029 /* EmojiButtonView.swift */; };
		C4F478BD2CEBD46300965502 /* GoogleService-Info.plist in Resources */ = {isa = PBXBuildFile; fileRef = C4F478BC2CEBD46300965502 /* GoogleService-Info.plist */; };
		C4F478BF2CEC29E900965502 /* ScrollOffsets.swift in Sources */ = {isa = PBXBuildFile; fileRef = C4F478BE2CEC29E900965502 /* ScrollOffsets.swift */; };
		C4F478C12CED41B700965502 /* EmitterService.swift in Sources */ = {isa = PBXBuildFile; fileRef = C4F478C02CED41B700965502 /* EmitterService.swift */; };
		C4F478C32CED7FF800965502 /* SharedFirebaseListener.swift in Sources */ = {isa = PBXBuildFile; fileRef = C4F478C22CED7FF800965502 /* SharedFirebaseListener.swift */; };
		C4F478C92CEDBD2900965502 /* TheatreLightManager.swift in Sources */ = {isa = PBXBuildFile; fileRef = C4F478C82CEDBD2900965502 /* TheatreLightManager.swift */; };
/* End PBXBuildFile section */

/* Begin PBXContainerItemProxy section */
		C4115EE92B994AFA007AD9B0 /* PBXContainerItemProxy */ = {
			isa = PBXContainerItemProxy;
			containerPortal = C4115EC72B994AF9007AD9B0 /* Project object */;
			proxyType = 1;
			remoteGlobalIDString = C4115ECE2B994AF9007AD9B0;
			remoteInfo = "Movie Theater Experience";
		};
/* End PBXContainerItemProxy section */

/* Begin PBXCopyFilesBuildPhase section */
		C46B9A302C9E25E0007BDF45 /* Embed Frameworks */ = {
			isa = PBXCopyFilesBuildPhase;
			buildActionMask = 2147483647;
			dstPath = "";
			dstSubfolderSpec = 10;
			files = (
			);
			name = "Embed Frameworks";
			runOnlyForDeploymentPostprocessing = 0;
		};
/* End PBXCopyFilesBuildPhase section */

/* Begin PBXFileReference section */
		C404A7F42D3B7038000450D4 /* TimeoutError.swift */ = {isa = PBXFileReference; lastKnownFileType = sourcecode.swift; path = TimeoutError.swift; sourceTree = "<group>"; };
		C40693E72D34DB2900072767 /* VideoStateObserver.swift */ = {isa = PBXFileReference; lastKnownFileType = sourcecode.swift; path = VideoStateObserver.swift; sourceTree = "<group>"; };
		C40693E92D36F9F000072767 /* TabBarWindow.swift */ = {isa = PBXFileReference; lastKnownFileType = sourcecode.swift; path = TabBarWindow.swift; sourceTree = "<group>"; };
		C4115ECF2B994AF9007AD9B0 /* Movie Theater Experience.app */ = {isa = PBXFileReference; explicitFileType = wrapper.application; includeInIndex = 0; path = "Movie Theater Experience.app"; sourceTree = BUILT_PRODUCTS_DIR; };
		C4115ED32B994AF9007AD9B0 /* RealityKitContent */ = {isa = PBXFileReference; lastKnownFileType = wrapper; path = RealityKitContent; sourceTree = "<group>"; };
		C4115ED62B994AF9007AD9B0 /* Movie_Theater_ExperienceApp.swift */ = {isa = PBXFileReference; lastKnownFileType = sourcecode.swift; path = Movie_Theater_ExperienceApp.swift; sourceTree = "<group>"; };
		C4115ED82B994AF9007AD9B0 /* ContentView.swift */ = {isa = PBXFileReference; lastKnownFileType = sourcecode.swift; path = ContentView.swift; sourceTree = "<group>"; };
		C4115EDA2B994AF9007AD9B0 /* ImmersiveView.swift */ = {isa = PBXFileReference; lastKnownFileType = sourcecode.swift; path = ImmersiveView.swift; sourceTree = "<group>"; };
		C4115EDC2B994AF9007AD9B0 /* ImageBasedLighting.skybox */ = {isa = PBXFileReference; lastKnownFileType = file.skybox; path = ImageBasedLighting.skybox; sourceTree = "<group>"; };
		C4115EDE2B994AFA007AD9B0 /* Assets.xcassets */ = {isa = PBXFileReference; lastKnownFileType = folder.assetcatalog; path = Assets.xcassets; sourceTree = "<group>"; };
		C4115EE12B994AFA007AD9B0 /* Preview Assets.xcassets */ = {isa = PBXFileReference; lastKnownFileType = folder.assetcatalog; path = "Preview Assets.xcassets"; sourceTree = "<group>"; };
		C4115EE32B994AFA007AD9B0 /* Info.plist */ = {isa = PBXFileReference; lastKnownFileType = text.plist.xml; path = Info.plist; sourceTree = "<group>"; };
		C4115EE82B994AFA007AD9B0 /* Movie Theater ExperienceTests.xctest */ = {isa = PBXFileReference; explicitFileType = wrapper.cfbundle; includeInIndex = 0; path = "Movie Theater ExperienceTests.xctest"; sourceTree = BUILT_PRODUCTS_DIR; };
		C4115EEC2B994AFA007AD9B0 /* Movie_Theater_ExperienceTests.swift */ = {isa = PBXFileReference; lastKnownFileType = sourcecode.swift; path = Movie_Theater_ExperienceTests.swift; sourceTree = "<group>"; };
		C41817C72CBE319F00A94ADF /* Emitters.swift */ = {isa = PBXFileReference; lastKnownFileType = sourcecode.swift; path = Emitters.swift; sourceTree = "<group>"; };
		C43DBA2D2CF5B9EB00E79D3F /* SpatialAudioManager.swift */ = {isa = PBXFileReference; lastKnownFileType = sourcecode.swift; path = SpatialAudioManager.swift; sourceTree = "<group>"; };
		C44DF3EC2CFFF456002B8E9D /* VideoPlayerManager.swift */ = {isa = PBXFileReference; lastKnownFileType = sourcecode.swift; path = VideoPlayerManager.swift; sourceTree = "<group>"; };
		C473DCAE2D308BC7008AA51D /* FirebaseEventManager.swift */ = {isa = PBXFileReference; lastKnownFileType = sourcecode.swift; path = FirebaseEventManager.swift; sourceTree = "<group>"; };
		C473DCB02D319AE4008AA51D /* VideoSyncService.swift */ = {isa = PBXFileReference; lastKnownFileType = sourcecode.swift; path = VideoSyncService.swift; sourceTree = "<group>"; };
		C473DCB22D31A502008AA51D /* TheatreVisibilityManager.swift */ = {isa = PBXFileReference; lastKnownFileType = sourcecode.swift; path = TheatreVisibilityManager.swift; sourceTree = "<group>"; };
		C474976F2D2F7118004C6163 /* SeatButton.swift */ = {isa = PBXFileReference; lastKnownFileType = sourcecode.swift; path = SeatButton.swift; sourceTree = "<group>"; };
		C487D0E42BA5762100579C71 /* SeatMapView.swift */ = {isa = PBXFileReference; lastKnownFileType = sourcecode.swift; path = SeatMapView.swift; sourceTree = "<group>"; };
		C487D0E62BA57BE000579C71 /* SeatSelectionModel.swift */ = {isa = PBXFileReference; lastKnownFileType = sourcecode.swift; path = SeatSelectionModel.swift; sourceTree = "<group>"; };
		C49134402B9B072900A824DF /* ChatMessage.swift */ = {isa = PBXFileReference; lastKnownFileType = sourcecode.swift; path = ChatMessage.swift; sourceTree = "<group>"; };
		C49134422B9C1EA600A824DF /* ChatView.swift */ = {isa = PBXFileReference; lastKnownFileType = sourcecode.swift; path = ChatView.swift; sourceTree = "<group>"; };
		C49134442B9C1F6B00A824DF /* ChatViewModel.swift */ = {isa = PBXFileReference; lastKnownFileType = sourcecode.swift; path = ChatViewModel.swift; sourceTree = "<group>"; };
		C49134462B9C303600A824DF /* ChatBubble.swift */ = {isa = PBXFileReference; lastKnownFileType = sourcecode.swift; path = ChatBubble.swift; sourceTree = "<group>"; };
		C491344A2B9C4B4800A824DF /* Extensions.swift */ = {isa = PBXFileReference; lastKnownFileType = sourcecode.swift; path = Extensions.swift; sourceTree = "<group>"; };
		C4AF48482C9E65CE006FE6C8 /* TheatreEntityWrapper.swift */ = {isa = PBXFileReference; lastKnownFileType = sourcecode.swift; path = TheatreEntityWrapper.swift; sourceTree = "<group>"; };
		C4AF484C2C9E65F8006FE6C8 /* ViewingMode.swift */ = {isa = PBXFileReference; lastKnownFileType = sourcecode.swift; path = ViewingMode.swift; sourceTree = "<group>"; };
		C4AF48A82C9E6D61006FE6C8 /* ToggleImmersiveSpaceButton.swift */ = {isa = PBXFileReference; lastKnownFileType = sourcecode.swift; path = ToggleImmersiveSpaceButton.swift; sourceTree = "<group>"; };
		C4AF48AA2C9E7288006FE6C8 /* AppModel.swift */ = {isa = PBXFileReference; lastKnownFileType = sourcecode.swift; path = AppModel.swift; sourceTree = "<group>"; };
		C4BFD5B82CA5F628007D20BE /* CalendarEvent.swift */ = {isa = PBXFileReference; lastKnownFileType = sourcecode.swift; path = CalendarEvent.swift; sourceTree = "<group>"; };
		C4BFD5BB2CA5F645007D20BE /* CalendarView.swift */ = {isa = PBXFileReference; lastKnownFileType = sourcecode.swift; path = CalendarView.swift; sourceTree = "<group>"; };
		C4BFD5BD2CA5F664007D20BE /* EventView.swift */ = {isa = PBXFileReference; lastKnownFileType = sourcecode.swift; path = EventView.swift; sourceTree = "<group>"; };
		C4C439F92CA348AE001AC733 /* MovieWindow.swift */ = {isa = PBXFileReference; lastKnownFileType = sourcecode.swift; path = MovieWindow.swift; sourceTree = "<group>"; };
		C4C439FD2CA34CE9001AC733 /* NavBarView.swift */ = {isa = PBXFileReference; lastKnownFileType = sourcecode.swift; path = NavBarView.swift; sourceTree = "<group>"; };
		C4C43A032CA364BB001AC733 /* VideoPicker.swift */ = {isa = PBXFileReference; lastKnownFileType = sourcecode.swift; path = VideoPicker.swift; sourceTree = "<group>"; };
		C4DAB7EC2B9FE98800852029 /* ExpandingTextView.swift */ = {isa = PBXFileReference; lastKnownFileType = sourcecode.swift; path = ExpandingTextView.swift; sourceTree = "<group>"; };
		C4DAB7EE2B9FF77500852029 /* CustomTextInput.swift */ = {isa = PBXFileReference; lastKnownFileType = sourcecode.swift; path = CustomTextInput.swift; sourceTree = "<group>"; };
		C4DAB7F32BA1609B00852029 /* EmojiButtonView.swift */ = {isa = PBXFileReference; lastKnownFileType = sourcecode.swift; path = EmojiButtonView.swift; sourceTree = "<group>"; };
		C4F478BC2CEBD46300965502 /* GoogleService-Info.plist */ = {isa = PBXFileReference; lastKnownFileType = text.plist.xml; path = "GoogleService-Info.plist"; sourceTree = "<group>"; };
		C4F478BE2CEC29E900965502 /* ScrollOffsets.swift */ = {isa = PBXFileReference; lastKnownFileType = sourcecode.swift; path = ScrollOffsets.swift; sourceTree = "<group>"; };
		C4F478C02CED41B700965502 /* EmitterService.swift */ = {isa = PBXFileReference; lastKnownFileType = sourcecode.swift; path = EmitterService.swift; sourceTree = "<group>"; };
		C4F478C22CED7FF800965502 /* SharedFirebaseListener.swift */ = {isa = PBXFileReference; lastKnownFileType = sourcecode.swift; path = SharedFirebaseListener.swift; sourceTree = "<group>"; };
		C4F478C82CEDBD2900965502 /* TheatreLightManager.swift */ = {isa = PBXFileReference; lastKnownFileType = sourcecode.swift; path = TheatreLightManager.swift; sourceTree = "<group>"; };
/* End PBXFileReference section */

/* Begin PBXFrameworksBuildPhase section */
		C4115ECC2B994AF9007AD9B0 /* Frameworks */ = {
			isa = PBXFrameworksBuildPhase;
			buildActionMask = 2147483647;
			files = (
				C4869AA92B9AF04B00BE09C8 /* FirebaseMessaging in Frameworks */,
				C4869AA12B9AF04A00BE09C8 /* FirebaseDatabaseSwift in Frameworks */,
				C4869A9B2B9AF04A00BE09C8 /* FirebaseAnalyticsSwift in Frameworks */,
				C4869AAB2B9AF04B00BE09C8 /* FirebaseStorage in Frameworks */,
				C4869A9F2B9AF04A00BE09C8 /* FirebaseCrashlytics in Frameworks */,
				C4869AA72B9AF04A00BE09C8 /* FirebaseFunctions in Frameworks */,
				C4869AA52B9AF04A00BE09C8 /* FirebaseFirestoreSwift in Frameworks */,
				C4869A9D2B9AF04A00BE09C8 /* FirebaseAuth in Frameworks */,
				C4115ED52B994AF9007AD9B0 /* RealityKitContent in Frameworks */,
				C4869AA32B9AF04A00BE09C8 /* FirebaseFirestore in Frameworks */,
			);
			runOnlyForDeploymentPostprocessing = 0;
		};
		C4115EE52B994AFA007AD9B0 /* Frameworks */ = {
			isa = PBXFrameworksBuildPhase;
			buildActionMask = 2147483647;
			files = (
			);
			runOnlyForDeploymentPostprocessing = 0;
		};
/* End PBXFrameworksBuildPhase section */

/* Begin PBXGroup section */
		C4115EC62B994AF9007AD9B0 = {
			isa = PBXGroup;
			children = (
				C4115ED12B994AF9007AD9B0 /* Movie Theater Experience */,
				C4115ED22B994AF9007AD9B0 /* Packages */,
				C4115EEB2B994AFA007AD9B0 /* Movie Theater ExperienceTests */,
				C4115ED02B994AF9007AD9B0 /* Products */,
			);
			sourceTree = "<group>";
		};
		C4115ED02B994AF9007AD9B0 /* Products */ = {
			isa = PBXGroup;
			children = (
				C4115ECF2B994AF9007AD9B0 /* Movie Theater Experience.app */,
				C4115EE82B994AFA007AD9B0 /* Movie Theater ExperienceTests.xctest */,
			);
			name = Products;
			sourceTree = "<group>";
		};
		C4115ED12B994AF9007AD9B0 /* Movie Theater Experience */ = {
			isa = PBXGroup;
			children = (
				C4F478BC2CEBD46300965502 /* GoogleService-Info.plist */,
				C41817C92CBE3B3600A94ADF /* Sign Up */,
				C4BFD5BA2CA5F63E007D20BE /* Calendar */,
				C4C43A832CA49CF8001AC733 /* Model */,
				C4C43A022CA364B0001AC733 /* Movie Picker */,
				C4115ED62B994AF9007AD9B0 /* Movie_Theater_ExperienceApp.swift */,
				C4AF48A82C9E6D61006FE6C8 /* ToggleImmersiveSpaceButton.swift */,
				C4AF48AA2C9E7288006FE6C8 /* AppModel.swift */,
				C4C439FD2CA34CE9001AC733 /* NavBarView.swift */,
				C4115ED82B994AF9007AD9B0 /* ContentView.swift */,
				C40693E92D36F9F000072767 /* TabBarWindow.swift */,
				C404A7F42D3B7038000450D4 /* TimeoutError.swift */,
				C4C439FF2CA3540D001AC733 /* Emoji View */,
				C4FACA272BAE0BF800A08729 /* Seat Map */,
				C4B5CD152BA26E8C00F524EC /* Chat */,
				C4FACA292BAE0D6500A08729 /* Immersive */,
				C4FACA282BAE0D5600A08729 /* Utilities */,
				C4115EDE2B994AFA007AD9B0 /* Assets.xcassets */,
				C4115EE32B994AFA007AD9B0 /* Info.plist */,
				C4115EE02B994AFA007AD9B0 /* Preview Content */,
			);
			path = "Movie Theater Experience";
			sourceTree = "<group>";
		};
		C4115ED22B994AF9007AD9B0 /* Packages */ = {
			isa = PBXGroup;
			children = (
				C4115ED32B994AF9007AD9B0 /* RealityKitContent */,
			);
			path = Packages;
			sourceTree = "<group>";
		};
		C4115EE02B994AFA007AD9B0 /* Preview Content */ = {
			isa = PBXGroup;
			children = (
				C4115EE12B994AFA007AD9B0 /* Preview Assets.xcassets */,
			);
			path = "Preview Content";
			sourceTree = "<group>";
		};
		C4115EEB2B994AFA007AD9B0 /* Movie Theater ExperienceTests */ = {
			isa = PBXGroup;
			children = (
				C4115EEC2B994AFA007AD9B0 /* Movie_Theater_ExperienceTests.swift */,
			);
			path = "Movie Theater ExperienceTests";
			sourceTree = "<group>";
		};
		C41817C92CBE3B3600A94ADF /* Sign Up */ = {
			isa = PBXGroup;
			children = (
			);
			path = "Sign Up";
			sourceTree = "<group>";
		};
		C4B5CD152BA26E8C00F524EC /* Chat */ = {
			isa = PBXGroup;
			children = (
				C4DAB7EE2B9FF77500852029 /* CustomTextInput.swift */,
				C4F478BE2CEC29E900965502 /* ScrollOffsets.swift */,
				C41817C72CBE319F00A94ADF /* Emitters.swift */,
				C4DAB7EC2B9FE98800852029 /* ExpandingTextView.swift */,
				C49134402B9B072900A824DF /* ChatMessage.swift */,
				C49134442B9C1F6B00A824DF /* ChatViewModel.swift */,
				C49134422B9C1EA600A824DF /* ChatView.swift */,
				C49134462B9C303600A824DF /* ChatBubble.swift */,
			);
			path = Chat;
			sourceTree = "<group>";
		};
		C4BFD5BA2CA5F63E007D20BE /* Calendar */ = {
			isa = PBXGroup;
			children = (
				C4BFD5BB2CA5F645007D20BE /* CalendarView.swift */,
			);
			path = Calendar;
			sourceTree = "<group>";
		};
		C4C439FF2CA3540D001AC733 /* Emoji View */ = {
			isa = PBXGroup;
			children = (
				C4DAB7F32BA1609B00852029 /* EmojiButtonView.swift */,
				C473DCAE2D308BC7008AA51D /* FirebaseEventManager.swift */,
				C4F478C02CED41B700965502 /* EmitterService.swift */,
				C4F478C22CED7FF800965502 /* SharedFirebaseListener.swift */,
			);
			path = "Emoji View";
			sourceTree = "<group>";
		};
		C4C43A022CA364B0001AC733 /* Movie Picker */ = {
			isa = PBXGroup;
			children = (
				C4C43A032CA364BB001AC733 /* VideoPicker.swift */,
			);
			path = "Movie Picker";
			sourceTree = "<group>";
		};
		C4C43A832CA49CF8001AC733 /* Model */ = {
			isa = PBXGroup;
			children = (
				C4BFD5BD2CA5F664007D20BE /* EventView.swift */,
				C4BFD5B82CA5F628007D20BE /* CalendarEvent.swift */,
			);
			path = Model;
			sourceTree = "<group>";
		};
		C4FACA272BAE0BF800A08729 /* Seat Map */ = {
			isa = PBXGroup;
			children = (
				C487D0E62BA57BE000579C71 /* SeatSelectionModel.swift */,
				C487D0E42BA5762100579C71 /* SeatMapView.swift */,
				C474976F2D2F7118004C6163 /* SeatButton.swift */,
			);
			path = "Seat Map";
			sourceTree = "<group>";
		};
		C4FACA282BAE0D5600A08729 /* Utilities */ = {
			isa = PBXGroup;
			children = (
				C491344A2B9C4B4800A824DF /* Extensions.swift */,
			);
			path = Utilities;
			sourceTree = "<group>";
		};
		C4FACA292BAE0D6500A08729 /* Immersive */ = {
			isa = PBXGroup;
			children = (
				C4C439F92CA348AE001AC733 /* MovieWindow.swift */,
				C4115EDA2B994AF9007AD9B0 /* ImmersiveView.swift */,
				C40693E72D34DB2900072767 /* VideoStateObserver.swift */,
				C44DF3EC2CFFF456002B8E9D /* VideoPlayerManager.swift */,
				C4F478C82CEDBD2900965502 /* TheatreLightManager.swift */,
				C4AF48482C9E65CE006FE6C8 /* TheatreEntityWrapper.swift */,
				C473DCB22D31A502008AA51D /* TheatreVisibilityManager.swift */,
				C43DBA2D2CF5B9EB00E79D3F /* SpatialAudioManager.swift */,
				C4AF484C2C9E65F8006FE6C8 /* ViewingMode.swift */,
				C4115EDC2B994AF9007AD9B0 /* ImageBasedLighting.skybox */,
				C473DCB02D319AE4008AA51D /* VideoSyncService.swift */,
			);
			path = Immersive;
			sourceTree = "<group>";
		};
/* End PBXGroup section */

/* Begin PBXNativeTarget section */
		C4115ECE2B994AF9007AD9B0 /* Movie Theater Experience */ = {
			isa = PBXNativeTarget;
			buildConfigurationList = C4115EF02B994AFA007AD9B0 /* Build configuration list for PBXNativeTarget "Movie Theater Experience" */;
			buildPhases = (
				C4115ECB2B994AF9007AD9B0 /* Sources */,
				C4115ECC2B994AF9007AD9B0 /* Frameworks */,
				C4115ECD2B994AF9007AD9B0 /* Resources */,
				C46B9A302C9E25E0007BDF45 /* Embed Frameworks */,
			);
			buildRules = (
			);
			dependencies = (
			);
			name = "Movie Theater Experience";
			packageProductDependencies = (
				C4115ED42B994AF9007AD9B0 /* RealityKitContent */,
				C4869A9A2B9AF04A00BE09C8 /* FirebaseAnalyticsSwift */,
				C4869A9C2B9AF04A00BE09C8 /* FirebaseAuth */,
				C4869A9E2B9AF04A00BE09C8 /* FirebaseCrashlytics */,
				C4869AA02B9AF04A00BE09C8 /* FirebaseDatabaseSwift */,
				C4869AA22B9AF04A00BE09C8 /* FirebaseFirestore */,
				C4869AA42B9AF04A00BE09C8 /* FirebaseFirestoreSwift */,
				C4869AA62B9AF04A00BE09C8 /* FirebaseFunctions */,
				C4869AA82B9AF04B00BE09C8 /* FirebaseMessaging */,
				C4869AAA2B9AF04B00BE09C8 /* FirebaseStorage */,
			);
			productName = "Movie Theater Experience";
			productReference = C4115ECF2B994AF9007AD9B0 /* Movie Theater Experience.app */;
			productType = "com.apple.product-type.application";
		};
		C4115EE72B994AFA007AD9B0 /* Movie Theater ExperienceTests */ = {
			isa = PBXNativeTarget;
			buildConfigurationList = C4115EF32B994AFA007AD9B0 /* Build configuration list for PBXNativeTarget "Movie Theater ExperienceTests" */;
			buildPhases = (
				C4115EE42B994AFA007AD9B0 /* Sources */,
				C4115EE52B994AFA007AD9B0 /* Frameworks */,
				C4115EE62B994AFA007AD9B0 /* Resources */,
			);
			buildRules = (
			);
			dependencies = (
				C4115EEA2B994AFA007AD9B0 /* PBXTargetDependency */,
			);
			name = "Movie Theater ExperienceTests";
			productName = "Movie Theater ExperienceTests";
			productReference = C4115EE82B994AFA007AD9B0 /* Movie Theater ExperienceTests.xctest */;
			productType = "com.apple.product-type.bundle.unit-test";
		};
/* End PBXNativeTarget section */

/* Begin PBXProject section */
		C4115EC72B994AF9007AD9B0 /* Project object */ = {
			isa = PBXProject;
			attributes = {
				BuildIndependentTargetsInParallel = 1;
				LastSwiftUpdateCheck = 1520;
				LastUpgradeCheck = 1610;
				TargetAttributes = {
					C4115ECE2B994AF9007AD9B0 = {
						CreatedOnToolsVersion = 15.2;
					};
					C4115EE72B994AFA007AD9B0 = {
						CreatedOnToolsVersion = 15.2;
						TestTargetID = C4115ECE2B994AF9007AD9B0;
					};
				};
			};
			buildConfigurationList = C4115ECA2B994AF9007AD9B0 /* Build configuration list for PBXProject "Movie Theater Experience" */;
			compatibilityVersion = "Xcode 14.0";
			developmentRegion = en;
			hasScannedForEncodings = 0;
			knownRegions = (
				en,
				Base,
			);
			mainGroup = C4115EC62B994AF9007AD9B0;
			packageReferences = (
				C4869A992B9AF04A00BE09C8 /* XCRemoteSwiftPackageReference "firebase-ios-sdk" */,
			);
			productRefGroup = C4115ED02B994AF9007AD9B0 /* Products */;
			projectDirPath = "";
			projectRoot = "";
			targets = (
				C4115ECE2B994AF9007AD9B0 /* Movie Theater Experience */,
				C4115EE72B994AFA007AD9B0 /* Movie Theater ExperienceTests */,
			);
		};
/* End PBXProject section */

/* Begin PBXResourcesBuildPhase section */
		C4115ECD2B994AF9007AD9B0 /* Resources */ = {
			isa = PBXResourcesBuildPhase;
			buildActionMask = 2147483647;
			files = (
				C4115EDF2B994AFA007AD9B0 /* Assets.xcassets in Resources */,
				C4F478BD2CEBD46300965502 /* GoogleService-Info.plist in Resources */,
				C4115EE22B994AFA007AD9B0 /* Preview Assets.xcassets in Resources */,
				C4115EDD2B994AF9007AD9B0 /* ImageBasedLighting.skybox in Resources */,
			);
			runOnlyForDeploymentPostprocessing = 0;
		};
		C4115EE62B994AFA007AD9B0 /* Resources */ = {
			isa = PBXResourcesBuildPhase;
			buildActionMask = 2147483647;
			files = (
			);
			runOnlyForDeploymentPostprocessing = 0;
		};
/* End PBXResourcesBuildPhase section */

/* Begin PBXSourcesBuildPhase section */
		C4115ECB2B994AF9007AD9B0 /* Sources */ = {
			isa = PBXSourcesBuildPhase;
			buildActionMask = 2147483647;
			files = (
				C4115ED92B994AF9007AD9B0 /* ContentView.swift in Sources */,
				C49134412B9B072900A824DF /* ChatMessage.swift in Sources */,
				C49134432B9C1EA600A824DF /* ChatView.swift in Sources */,
				C4C439FA2CA348AE001AC733 /* MovieWindow.swift in Sources */,
				C4BFD5BC2CA5F645007D20BE /* CalendarView.swift in Sources */,
				C4F478C32CED7FF800965502 /* SharedFirebaseListener.swift in Sources */,
				C4C439FE2CA34CE9001AC733 /* NavBarView.swift in Sources */,
				C487D0E52BA5762100579C71 /* SeatMapView.swift in Sources */,
				C491344B2B9C4B4800A824DF /* Extensions.swift in Sources */,
				C4AF48492C9E65CE006FE6C8 /* TheatreEntityWrapper.swift in Sources */,
				C4DAB7EF2B9FF77500852029 /* CustomTextInput.swift in Sources */,
				C47497702D2F7118004C6163 /* SeatButton.swift in Sources */,
				C4BFD5B92CA5F628007D20BE /* CalendarEvent.swift in Sources */,
				C404A7F52D3B7038000450D4 /* TimeoutError.swift in Sources */,
				C4C43A042CA364BB001AC733 /* VideoPicker.swift in Sources */,
				C4BFD5BE2CA5F664007D20BE /* EventView.swift in Sources */,
				C4115ED72B994AF9007AD9B0 /* Movie_Theater_ExperienceApp.swift in Sources */,
				C40693E82D34DB2900072767 /* VideoStateObserver.swift in Sources */,
				C41817C82CBE319F00A94ADF /* Emitters.swift in Sources */,
				C49134452B9C1F6B00A824DF /* ChatViewModel.swift in Sources */,
				C4AF484D2C9E65F8006FE6C8 /* ViewingMode.swift in Sources */,
				C473DCAF2D308BC7008AA51D /* FirebaseEventManager.swift in Sources */,
				C473DCB12D319AE4008AA51D /* VideoSyncService.swift in Sources */,
				C4115EDB2B994AF9007AD9B0 /* ImmersiveView.swift in Sources */,
				C4F478C12CED41B700965502 /* EmitterService.swift in Sources */,
				C4DAB7ED2B9FE98800852029 /* ExpandingTextView.swift in Sources */,
				C4F478BF2CEC29E900965502 /* ScrollOffsets.swift in Sources */,
				C473DCB32D31A502008AA51D /* TheatreVisibilityManager.swift in Sources */,
				C44DF3ED2CFFF456002B8E9D /* VideoPlayerManager.swift in Sources */,
				C4AF48AB2C9E7288006FE6C8 /* AppModel.swift in Sources */,
				C40693EA2D36F9F000072767 /* TabBarWindow.swift in Sources */,
				C4AF48A92C9E6D61006FE6C8 /* ToggleImmersiveSpaceButton.swift in Sources */,
				C4F478C92CEDBD2900965502 /* TheatreLightManager.swift in Sources */,
				C43DBA2E2CF5B9EB00E79D3F /* SpatialAudioManager.swift in Sources */,
				C487D0E72BA57BE000579C71 /* SeatSelectionModel.swift in Sources */,
				C49134472B9C303600A824DF /* ChatBubble.swift in Sources */,
				C4DAB7F42BA1609B00852029 /* EmojiButtonView.swift in Sources */,
			);
			runOnlyForDeploymentPostprocessing = 0;
		};
		C4115EE42B994AFA007AD9B0 /* Sources */ = {
			isa = PBXSourcesBuildPhase;
			buildActionMask = 2147483647;
			files = (
				C4115EED2B994AFA007AD9B0 /* Movie_Theater_ExperienceTests.swift in Sources */,
			);
			runOnlyForDeploymentPostprocessing = 0;
		};
/* End PBXSourcesBuildPhase section */

/* Begin PBXTargetDependency section */
		C4115EEA2B994AFA007AD9B0 /* PBXTargetDependency */ = {
			isa = PBXTargetDependency;
			target = C4115ECE2B994AF9007AD9B0 /* Movie Theater Experience */;
			targetProxy = C4115EE92B994AFA007AD9B0 /* PBXContainerItemProxy */;
		};
/* End PBXTargetDependency section */

/* Begin XCBuildConfiguration section */
		C4115EEE2B994AFA007AD9B0 /* Debug */ = {
			isa = XCBuildConfiguration;
			buildSettings = {
				ALWAYS_SEARCH_USER_PATHS = NO;
				ASSETCATALOG_COMPILER_GENERATE_SWIFT_ASSET_SYMBOL_EXTENSIONS = YES;
				CLANG_ANALYZER_NONNULL = YES;
				CLANG_ANALYZER_NUMBER_OBJECT_CONVERSION = YES_AGGRESSIVE;
				CLANG_CXX_LANGUAGE_STANDARD = "gnu++20";
				CLANG_ENABLE_MODULES = YES;
				CLANG_ENABLE_OBJC_ARC = YES;
				CLANG_ENABLE_OBJC_WEAK = YES;
				CLANG_WARN_BLOCK_CAPTURE_AUTORELEASING = YES;
				CLANG_WARN_BOOL_CONVERSION = YES;
				CLANG_WARN_COMMA = YES;
				CLANG_WARN_CONSTANT_CONVERSION = YES;
				CLANG_WARN_DEPRECATED_OBJC_IMPLEMENTATIONS = YES;
				CLANG_WARN_DIRECT_OBJC_ISA_USAGE = YES_ERROR;
				CLANG_WARN_DOCUMENTATION_COMMENTS = YES;
				CLANG_WARN_EMPTY_BODY = YES;
				CLANG_WARN_ENUM_CONVERSION = YES;
				CLANG_WARN_INFINITE_RECURSION = YES;
				CLANG_WARN_INT_CONVERSION = YES;
				CLANG_WARN_NON_LITERAL_NULL_CONVERSION = YES;
				CLANG_WARN_OBJC_IMPLICIT_RETAIN_SELF = YES;
				CLANG_WARN_OBJC_LITERAL_CONVERSION = YES;
				CLANG_WARN_OBJC_ROOT_CLASS = YES_ERROR;
				CLANG_WARN_QUOTED_INCLUDE_IN_FRAMEWORK_HEADER = YES;
				CLANG_WARN_RANGE_LOOP_ANALYSIS = YES;
				CLANG_WARN_STRICT_PROTOTYPES = YES;
				CLANG_WARN_SUSPICIOUS_MOVE = YES;
				CLANG_WARN_UNGUARDED_AVAILABILITY = YES_AGGRESSIVE;
				CLANG_WARN_UNREACHABLE_CODE = YES;
				CLANG_WARN__DUPLICATE_METHOD_MATCH = YES;
				COPY_PHASE_STRIP = NO;
				DEBUG_INFORMATION_FORMAT = dwarf;
				ENABLE_STRICT_OBJC_MSGSEND = YES;
				ENABLE_TESTABILITY = YES;
				ENABLE_USER_SCRIPT_SANDBOXING = YES;
				GCC_C_LANGUAGE_STANDARD = gnu17;
				GCC_DYNAMIC_NO_PIC = NO;
				GCC_NO_COMMON_BLOCKS = YES;
				GCC_OPTIMIZATION_LEVEL = 0;
				GCC_PREPROCESSOR_DEFINITIONS = (
					"DEBUG=1",
					"$(inherited)",
				);
				GCC_WARN_64_TO_32_BIT_CONVERSION = YES;
				GCC_WARN_ABOUT_RETURN_TYPE = YES_ERROR;
				GCC_WARN_UNDECLARED_SELECTOR = YES;
				GCC_WARN_UNINITIALIZED_AUTOS = YES_AGGRESSIVE;
				GCC_WARN_UNUSED_FUNCTION = YES;
				GCC_WARN_UNUSED_VARIABLE = YES;
				LOCALIZATION_PREFERS_STRING_CATALOGS = YES;
				MTL_ENABLE_DEBUG_INFO = INCLUDE_SOURCE;
				MTL_FAST_MATH = YES;
				ONLY_ACTIVE_ARCH = YES;
				SDKROOT = xros;
				SWIFT_ACTIVE_COMPILATION_CONDITIONS = "DEBUG $(inherited)";
				SWIFT_OPTIMIZATION_LEVEL = "-Onone";
				XROS_DEPLOYMENT_TARGET = 1.0;
			};
			name = Debug;
		};
		C4115EEF2B994AFA007AD9B0 /* Release */ = {
			isa = XCBuildConfiguration;
			buildSettings = {
				ALWAYS_SEARCH_USER_PATHS = NO;
				ASSETCATALOG_COMPILER_GENERATE_SWIFT_ASSET_SYMBOL_EXTENSIONS = YES;
				CLANG_ANALYZER_NONNULL = YES;
				CLANG_ANALYZER_NUMBER_OBJECT_CONVERSION = YES_AGGRESSIVE;
				CLANG_CXX_LANGUAGE_STANDARD = "gnu++20";
				CLANG_ENABLE_MODULES = YES;
				CLANG_ENABLE_OBJC_ARC = YES;
				CLANG_ENABLE_OBJC_WEAK = YES;
				CLANG_WARN_BLOCK_CAPTURE_AUTORELEASING = YES;
				CLANG_WARN_BOOL_CONVERSION = YES;
				CLANG_WARN_COMMA = YES;
				CLANG_WARN_CONSTANT_CONVERSION = YES;
				CLANG_WARN_DEPRECATED_OBJC_IMPLEMENTATIONS = YES;
				CLANG_WARN_DIRECT_OBJC_ISA_USAGE = YES_ERROR;
				CLANG_WARN_DOCUMENTATION_COMMENTS = YES;
				CLANG_WARN_EMPTY_BODY = YES;
				CLANG_WARN_ENUM_CONVERSION = YES;
				CLANG_WARN_INFINITE_RECURSION = YES;
				CLANG_WARN_INT_CONVERSION = YES;
				CLANG_WARN_NON_LITERAL_NULL_CONVERSION = YES;
				CLANG_WARN_OBJC_IMPLICIT_RETAIN_SELF = YES;
				CLANG_WARN_OBJC_LITERAL_CONVERSION = YES;
				CLANG_WARN_OBJC_ROOT_CLASS = YES_ERROR;
				CLANG_WARN_QUOTED_INCLUDE_IN_FRAMEWORK_HEADER = YES;
				CLANG_WARN_RANGE_LOOP_ANALYSIS = YES;
				CLANG_WARN_STRICT_PROTOTYPES = YES;
				CLANG_WARN_SUSPICIOUS_MOVE = YES;
				CLANG_WARN_UNGUARDED_AVAILABILITY = YES_AGGRESSIVE;
				CLANG_WARN_UNREACHABLE_CODE = YES;
				CLANG_WARN__DUPLICATE_METHOD_MATCH = YES;
				COPY_PHASE_STRIP = NO;
				DEBUG_INFORMATION_FORMAT = "dwarf-with-dsym";
				ENABLE_NS_ASSERTIONS = NO;
				ENABLE_STRICT_OBJC_MSGSEND = YES;
				ENABLE_USER_SCRIPT_SANDBOXING = YES;
				GCC_C_LANGUAGE_STANDARD = gnu17;
				GCC_NO_COMMON_BLOCKS = YES;
				GCC_WARN_64_TO_32_BIT_CONVERSION = YES;
				GCC_WARN_ABOUT_RETURN_TYPE = YES_ERROR;
				GCC_WARN_UNDECLARED_SELECTOR = YES;
				GCC_WARN_UNINITIALIZED_AUTOS = YES_AGGRESSIVE;
				GCC_WARN_UNUSED_FUNCTION = YES;
				GCC_WARN_UNUSED_VARIABLE = YES;
				LOCALIZATION_PREFERS_STRING_CATALOGS = YES;
				MTL_ENABLE_DEBUG_INFO = NO;
				MTL_FAST_MATH = YES;
				SDKROOT = xros;
				SWIFT_COMPILATION_MODE = wholemodule;
				VALIDATE_PRODUCT = YES;
				XROS_DEPLOYMENT_TARGET = 1.0;
			};
			name = Release;
		};
		C4115EF12B994AFA007AD9B0 /* Debug */ = {
			isa = XCBuildConfiguration;
			buildSettings = {
				ASSETCATALOG_COMPILER_APPICON_NAME = AppIcon;
				ASSETCATALOG_COMPILER_GLOBAL_ACCENT_COLOR_NAME = AccentColor;
				CODE_SIGN_STYLE = Automatic;
				CURRENT_PROJECT_VERSION = "com.waitedco.Movie-Theater-Experience\n";
				DEVELOPMENT_ASSET_PATHS = "";
				DEVELOPMENT_TEAM = P2HHS9CUR6;
				ENABLE_PREVIEWS = YES;
				FRAMEWORK_SEARCH_PATHS = (
					"$(inherited)",
					"$(PROJECT_DIR)/webrtc_visionpro_workspace/src/out/simxros-arm64-release",
					"$(PROJECT_DIR)/webrtc_visionpro_workspace/src/out/xros-arm64-release",
				);
				GENERATE_INFOPLIST_FILE = YES;
				INFOPLIST_FILE = "$(TARGET_NAME)/Info.plist";
				LD_RUNPATH_SEARCH_PATHS = (
					"$(inherited)",
					"@executable_path/Frameworks",
				);
				MARKETING_VERSION = 1.0;
				PRODUCT_BUNDLE_IDENTIFIER = "com.waitedco.Movie-Theater-Experience";
				PRODUCT_NAME = "$(TARGET_NAME)";
				SUPPORTED_PLATFORMS = "xros xrsimulator";
				SWIFT_EMIT_LOC_STRINGS = YES;
				SWIFT_VERSION = 5.0;
				TARGETED_DEVICE_FAMILY = "1,2,7";
				XROS_DEPLOYMENT_TARGET = 2.0;
			};
			name = Debug;
		};
		C4115EF22B994AFA007AD9B0 /* Release */ = {
			isa = XCBuildConfiguration;
			buildSettings = {
				ASSETCATALOG_COMPILER_APPICON_NAME = AppIcon;
				ASSETCATALOG_COMPILER_GLOBAL_ACCENT_COLOR_NAME = AccentColor;
				CODE_SIGN_STYLE = Automatic;
				CURRENT_PROJECT_VERSION = "com.waitedco.Movie-Theater-Experience\n";
				DEVELOPMENT_ASSET_PATHS = "";
				DEVELOPMENT_TEAM = P2HHS9CUR6;
				ENABLE_PREVIEWS = YES;
				FRAMEWORK_SEARCH_PATHS = (
					"$(inherited)",
					"$(PROJECT_DIR)/webrtc_visionpro_workspace/src/out/simxros-arm64-release",
					"$(PROJECT_DIR)/webrtc_visionpro_workspace/src/out/xros-arm64-release",
				);
				GENERATE_INFOPLIST_FILE = YES;
				INFOPLIST_FILE = "$(TARGET_NAME)/Info.plist";
				LD_RUNPATH_SEARCH_PATHS = (
					"$(inherited)",
					"@executable_path/Frameworks",
				);
				MARKETING_VERSION = 1.0;
				PRODUCT_BUNDLE_IDENTIFIER = "com.waitedco.Movie-Theater-Experience";
				PRODUCT_NAME = "$(TARGET_NAME)";
				SUPPORTED_PLATFORMS = "xros xrsimulator";
				SWIFT_EMIT_LOC_STRINGS = YES;
				SWIFT_VERSION = 5.0;
				TARGETED_DEVICE_FAMILY = "1,2,7";
				XROS_DEPLOYMENT_TARGET = 2.0;
			};
			name = Release;
		};
		C4115EF42B994AFA007AD9B0 /* Debug */ = {
			isa = XCBuildConfiguration;
			buildSettings = {
				BUNDLE_LOADER = "$(TEST_HOST)";
				CODE_SIGN_STYLE = Automatic;
				CURRENT_PROJECT_VERSION = 1;
				DEVELOPMENT_TEAM = P2HHS9CUR6;
				GENERATE_INFOPLIST_FILE = YES;
				MARKETING_VERSION = 1.0;
				PRODUCT_BUNDLE_IDENTIFIER = "waitedco.com.Movie-Theater-ExperienceTests";
				PRODUCT_NAME = "$(TARGET_NAME)";
				SUPPORTED_PLATFORMS = "xros xrsimulator";
				SWIFT_EMIT_LOC_STRINGS = NO;
				SWIFT_VERSION = 5.0;
				TARGETED_DEVICE_FAMILY = "1,2,7";
				TEST_HOST = "$(BUILT_PRODUCTS_DIR)/Movie Theater Experience.app/$(BUNDLE_EXECUTABLE_FOLDER_PATH)/Movie Theater Experience";
				XROS_DEPLOYMENT_TARGET = 1.0;
			};
			name = Debug;
		};
		C4115EF52B994AFA007AD9B0 /* Release */ = {
			isa = XCBuildConfiguration;
			buildSettings = {
				BUNDLE_LOADER = "$(TEST_HOST)";
				CODE_SIGN_STYLE = Automatic;
				CURRENT_PROJECT_VERSION = 1;
				DEVELOPMENT_TEAM = P2HHS9CUR6;
				GENERATE_INFOPLIST_FILE = YES;
				MARKETING_VERSION = 1.0;
				PRODUCT_BUNDLE_IDENTIFIER = "waitedco.com.Movie-Theater-ExperienceTests";
				PRODUCT_NAME = "$(TARGET_NAME)";
				SUPPORTED_PLATFORMS = "xros xrsimulator";
				SWIFT_EMIT_LOC_STRINGS = NO;
				SWIFT_VERSION = 5.0;
				TARGETED_DEVICE_FAMILY = "1,2,7";
				TEST_HOST = "$(BUILT_PRODUCTS_DIR)/Movie Theater Experience.app/$(BUNDLE_EXECUTABLE_FOLDER_PATH)/Movie Theater Experience";
				XROS_DEPLOYMENT_TARGET = 1.0;
			};
			name = Release;
		};
/* End XCBuildConfiguration section */

/* Begin XCConfigurationList section */
		C4115ECA2B994AF9007AD9B0 /* Build configuration list for PBXProject "Movie Theater Experience" */ = {
			isa = XCConfigurationList;
			buildConfigurations = (
				C4115EEE2B994AFA007AD9B0 /* Debug */,
				C4115EEF2B994AFA007AD9B0 /* Release */,
			);
			defaultConfigurationIsVisible = 0;
			defaultConfigurationName = Release;
		};
		C4115EF02B994AFA007AD9B0 /* Build configuration list for PBXNativeTarget "Movie Theater Experience" */ = {
			isa = XCConfigurationList;
			buildConfigurations = (
				C4115EF12B994AFA007AD9B0 /* Debug */,
				C4115EF22B994AFA007AD9B0 /* Release */,
			);
			defaultConfigurationIsVisible = 0;
			defaultConfigurationName = Release;
		};
		C4115EF32B994AFA007AD9B0 /* Build configuration list for PBXNativeTarget "Movie Theater ExperienceTests" */ = {
			isa = XCConfigurationList;
			buildConfigurations = (
				C4115EF42B994AFA007AD9B0 /* Debug */,
				C4115EF52B994AFA007AD9B0 /* Release */,
			);
			defaultConfigurationIsVisible = 0;
			defaultConfigurationName = Release;
		};
/* End XCConfigurationList section */

/* Begin XCRemoteSwiftPackageReference section */
		C4869A992B9AF04A00BE09C8 /* XCRemoteSwiftPackageReference "firebase-ios-sdk" */ = {
			isa = XCRemoteSwiftPackageReference;
			repositoryURL = "https://github.com/firebase/firebase-ios-sdk";
			requirement = {
				kind = upToNextMajorVersion;
				minimumVersion = 10.22.1;
			};
		};
/* End XCRemoteSwiftPackageReference section */

/* Begin XCSwiftPackageProductDependency section */
		C4115ED42B994AF9007AD9B0 /* RealityKitContent */ = {
			isa = XCSwiftPackageProductDependency;
			productName = RealityKitContent;
		};
		C4869A9A2B9AF04A00BE09C8 /* FirebaseAnalyticsSwift */ = {
			isa = XCSwiftPackageProductDependency;
			package = C4869A992B9AF04A00BE09C8 /* XCRemoteSwiftPackageReference "firebase-ios-sdk" */;
			productName = FirebaseAnalyticsSwift;
		};
		C4869A9C2B9AF04A00BE09C8 /* FirebaseAuth */ = {
			isa = XCSwiftPackageProductDependency;
			package = C4869A992B9AF04A00BE09C8 /* XCRemoteSwiftPackageReference "firebase-ios-sdk" */;
			productName = FirebaseAuth;
		};
		C4869A9E2B9AF04A00BE09C8 /* FirebaseCrashlytics */ = {
			isa = XCSwiftPackageProductDependency;
			package = C4869A992B9AF04A00BE09C8 /* XCRemoteSwiftPackageReference "firebase-ios-sdk" */;
			productName = FirebaseCrashlytics;
		};
		C4869AA02B9AF04A00BE09C8 /* FirebaseDatabaseSwift */ = {
			isa = XCSwiftPackageProductDependency;
			package = C4869A992B9AF04A00BE09C8 /* XCRemoteSwiftPackageReference "firebase-ios-sdk" */;
			productName = FirebaseDatabaseSwift;
		};
		C4869AA22B9AF04A00BE09C8 /* FirebaseFirestore */ = {
			isa = XCSwiftPackageProductDependency;
			package = C4869A992B9AF04A00BE09C8 /* XCRemoteSwiftPackageReference "firebase-ios-sdk" */;
			productName = FirebaseFirestore;
		};
		C4869AA42B9AF04A00BE09C8 /* FirebaseFirestoreSwift */ = {
			isa = XCSwiftPackageProductDependency;
			package = C4869A992B9AF04A00BE09C8 /* XCRemoteSwiftPackageReference "firebase-ios-sdk" */;
			productName = FirebaseFirestoreSwift;
		};
		C4869AA62B9AF04A00BE09C8 /* FirebaseFunctions */ = {
			isa = XCSwiftPackageProductDependency;
			package = C4869A992B9AF04A00BE09C8 /* XCRemoteSwiftPackageReference "firebase-ios-sdk" */;
			productName = FirebaseFunctions;
		};
		C4869AA82B9AF04B00BE09C8 /* FirebaseMessaging */ = {
			isa = XCSwiftPackageProductDependency;
			package = C4869A992B9AF04A00BE09C8 /* XCRemoteSwiftPackageReference "firebase-ios-sdk" */;
			productName = FirebaseMessaging;
		};
		C4869AAA2B9AF04B00BE09C8 /* FirebaseStorage */ = {
			isa = XCSwiftPackageProductDependency;
			package = C4869A992B9AF04A00BE09C8 /* XCRemoteSwiftPackageReference "firebase-ios-sdk" */;
			productName = FirebaseStorage;
		};
/* End XCSwiftPackageProductDependency section */
	};
	rootObject = C4115EC72B994AF9007AD9B0 /* Project object */;
}
